// !$*UTF8*$!
{
	archiveVersion = 1;
	classes = {
	};
	objectVersion = 77;
	objects = {

/* Begin PBXBuildFile section */
		AA000001 /* MusiFixAppApp.swift in Sources */ = {isa = PBXBuildFile; fileRef = BB000001 /* MusiFixAppApp.swift */; };
		AA000002 /* ContentView.swift in Sources */ = {isa = PBXBuildFile; fileRef = BB000002 /* ContentView.swift */; };
		AA000003 /* AppState.swift in Sources */ = {isa = PBXBuildFile; fileRef = BB000003 /* AppState.swift */; };
		AA000004 /* TrackBrowserViewModel.swift in Sources */ = {isa = PBXBuildFile; fileRef = BB000004 /* TrackBrowserViewModel.swift */; };
		AA000005 /* TrackTableView.swift in Sources */ = {isa = PBXBuildFile; fileRef = BB000005 /* TrackTableView.swift */; };
		AA000020 /* TrackEditorPanel.swift in Sources */ = {isa = PBXBuildFile; fileRef = BB000020 /* TrackEditorPanel.swift */; };
		AA000021 /* ArtworkEditorView.swift in Sources */ = {isa = PBXBuildFile; fileRef = BB000021 /* ArtworkEditorView.swift */; };
		AA000022 /* BatchEditorView.swift in Sources */ = {isa = PBXBuildFile; fileRef = BB000022 /* BatchEditorView.swift */; };
		AA000023 /* DiffPreviewView.swift in Sources */ = {isa = PBXBuildFile; fileRef = BB000023 /* DiffPreviewView.swift */; };
		AA000024 /* OperationLogView.swift in Sources */ = {isa = PBXBuildFile; fileRef = BB000024 /* OperationLogView.swift */; };
		AA000025 /* EnrichmentSearchView.swift in Sources */ = {isa = PBXBuildFile; fileRef = BB000025 /* EnrichmentSearchView.swift */; };
		AA000030 /* NormalizationView.swift in Sources */ = {isa = PBXBuildFile; fileRef = BB000030 /* NormalizationView.swift */; };
		AA000031 /* DuplicatesView.swift in Sources */ = {isa = PBXBuildFile; fileRef = BB000031 /* DuplicatesView.swift */; };
/* End PBXBuildFile section */

/* Begin PBXFileReference section */
		BB000001 /* MusiFixAppApp.swift */ = {isa = PBXFileReference; lastKnownFileType = sourcecode.swift; path = MusiFixAppApp.swift; sourceTree = "<group>"; };
		BB000002 /* ContentView.swift */ = {isa = PBXFileReference; lastKnownFileType = sourcecode.swift; path = ContentView.swift; sourceTree = "<group>"; };
		BB000003 /* AppState.swift */ = {isa = PBXFileReference; lastKnownFileType = sourcecode.swift; path = AppState.swift; sourceTree = "<group>"; };
		BB000004 /* TrackBrowserViewModel.swift */ = {isa = PBXFileReference; lastKnownFileType = sourcecode.swift; path = TrackBrowserViewModel.swift; sourceTree = "<group>"; };
		BB000005 /* TrackTableView.swift */ = {isa = PBXFileReference; lastKnownFileType = sourcecode.swift; path = TrackTableView.swift; sourceTree = "<group>"; };
		BB000010 /* Info.plist */ = {isa = PBXFileReference; lastKnownFileType = text.plist.xml; path = Info.plist; sourceTree = "<group>"; };
		BB000011 /* MusiFixApp.entitlements */ = {isa = PBXFileReference; lastKnownFileType = text.plist.entitlements; path = MusiFixApp.entitlements; sourceTree = "<group>"; };
		BB000020 /* TrackEditorPanel.swift */ = {isa = PBXFileReference; lastKnownFileType = sourcecode.swift; path = TrackEditorPanel.swift; sourceTree = "<group>"; };
		BB000021 /* ArtworkEditorView.swift */ = {isa = PBXFileReference; lastKnownFileType = sourcecode.swift; path = ArtworkEditorView.swift; sourceTree = "<group>"; };
		BB000022 /* BatchEditorView.swift */ = {isa = PBXFileReference; lastKnownFileType = sourcecode.swift; path = BatchEditorView.swift; sourceTree = "<group>"; };
		BB000023 /* DiffPreviewView.swift */ = {isa = PBXFileReference; lastKnownFileType = sourcecode.swift; path = DiffPreviewView.swift; sourceTree = "<group>"; };
		BB000024 /* OperationLogView.swift */ = {isa = PBXFileReference; lastKnownFileType = sourcecode.swift; path = OperationLogView.swift; sourceTree = "<group>"; };
		BB000025 /* EnrichmentSearchView.swift */ = {isa = PBXFileReference; lastKnownFileType = sourcecode.swift; path = EnrichmentSearchView.swift; sourceTree = "<group>"; };
		BB000030 /* NormalizationView.swift */ = {isa = PBXFileReference; lastKnownFileType = sourcecode.swift; path = NormalizationView.swift; sourceTree = "<group>"; };
		BB000031 /* DuplicatesView.swift */ = {isa = PBXFileReference; lastKnownFileType = sourcecode.swift; path = DuplicatesView.swift; sourceTree = "<group>"; };
		CC000001 /* MusiFixApp.app */ = {isa = PBXFileReference; explicitFileType = wrapper.application; includeInIndex = 0; path = MusiFixApp.app; sourceTree = BUILT_PRODUCTS_DIR; };
/* End PBXFileReference section */

/* Begin PBXFrameworksBuildPhase section */
		DD000001 /* Frameworks */ = {
			isa = PBXFrameworksBuildPhase;
			buildActionMask = 2147483647;
			files = (
			);
			runOnlyForDeploymentPostprocessing = 0;
		};
/* End PBXFrameworksBuildPhase section */

/* Begin PBXGroup section */
		EE000001 /* MusiFixApp */ = {
			isa = PBXGroup;
			children = (
				BB000001 /* MusiFixAppApp.swift */,
				BB000002 /* ContentView.swift */,
				BB000003 /* AppState.swift */,
				EE000002 /* Browser */,
				EE000003 /* Editor */,
				EE000004 /* Normalization */,
				EE000005 /* Duplicates */,
				BB000010 /* Info.plist */,
				BB000011 /* MusiFixApp.entitlements */,
			);
			path = MusiFixApp/MusiFixApp;
			sourceTree = "<group>";
		};
		EE000002 /* Browser */ = {
			isa = PBXGroup;
			children = (
				BB000004 /* TrackBrowserViewModel.swift */,
				BB000005 /* TrackTableView.swift */,
			);
			path = Browser;
			sourceTree = "<group>";
		};
		EE000003 /* Editor */ = {
			isa = PBXGroup;
			children = (
				BB000020 /* TrackEditorPanel.swift */,
				BB000021 /* ArtworkEditorView.swift */,
				BB000022 /* BatchEditorView.swift */,
				BB000023 /* DiffPreviewView.swift */,
				BB000024 /* OperationLogView.swift */,
				BB000025 /* EnrichmentSearchView.swift */,
			);
			path = Editor;
			sourceTree = "<group>";
		};
		EE000004 /* Normalization */ = {
			isa = PBXGroup;
			children = (
				BB000030 /* NormalizationView.swift */,
			);
			path = Normalization;
			sourceTree = "<group>";
		};
		EE000005 /* Duplicates */ = {
			isa = PBXGroup;
			children = (
				BB000031 /* DuplicatesView.swift */,
			);
			path = Duplicates;
			sourceTree = "<group>";
		};
		EE000000 /* root */ = {
			isa = PBXGroup;
			children = (
				EE000001 /* MusiFixApp */,
				FF000001 /* Products */,
			);
			sourceTree = "<group>";
		};
		FF000001 /* Products */ = {
			isa = PBXGroup;
			children = (
				CC000001 /* MusiFixApp.app */,
			);
			name = Products;
			sourceTree = "<group>";
		};
/* End PBXGroup section */

/* Begin PBXNativeTarget section */
		TT000001 /* MusiFixApp */ = {
			isa = PBXNativeTarget;
			buildConfigurationList = XC000002 /* Build configuration list for PBXNativeTarget "MusiFixApp" */;
			buildPhases = (
				SS000001 /* Sources */,
				DD000001 /* Frameworks */,
				RR000001 /* Resources */,
			);
			buildRules = (
			);
			dependencies = (
			);
			name = MusiFixApp;
			packageProductDependencies = (
				PP000001 /* MusiFixCore */,
				PP000002 /* Persistence */,
			);
			productName = MusiFixApp;
			productReference = CC000001 /* MusiFixApp.app */;
			productType = "com.apple.product-type.application";
		};
/* End PBXNativeTarget section */

/* Begin PBXProject section */
		PR000001 /* Project object */ = {
			isa = PBXProject;
			attributes = {
				BuildIndependentTargetsInParallel = 1;
				LastSwiftUpdateCheck = 2650;
				LastUpgradeCheck = 2650;
				ORGANIZATIONNAME = "Jonatha Panni";
				TargetAttributes = {
					TT000001 = {
						CreatedOnToolsVersion = 26.5;
					};
				};
			};
			buildConfigurationList = XC000001 /* Build configuration list for PBXProject "MusiFixApp" */;
			compatibilityVersion = "Xcode 14.0";
			developmentRegion = it;
			hasScannedForEncodings = 0;
			knownRegions = (
				it,
				Base,
			);
			mainGroup = EE000000 /* root */;
			packageReferences = (
				PKG000001 /* MusiFixCore local package */,
			);
			productRefGroup = FF000001 /* Products */;
			projectDirPath = "";
			projectRoot = "";
			targets = (
				TT000001 /* MusiFixApp */,
			);
		};
/* End PBXProject section */

/* Begin PBXResourcesBuildPhase section */
		RR000001 /* Resources */ = {
			isa = PBXResourcesBuildPhase;
			buildActionMask = 2147483647;
			files = (
			);
			runOnlyForDeploymentPostprocessing = 0;
		};
/* End PBXResourcesBuildPhase section */

/* Begin PBXSourcesBuildPhase section */
		SS000001 /* Sources */ = {
			isa = PBXSourcesBuildPhase;
			buildActionMask = 2147483647;
			files = (
				AA000001 /* MusiFixAppApp.swift in Sources */,
				AA000002 /* ContentView.swift in Sources */,
				AA000003 /* AppState.swift in Sources */,
				AA000004 /* TrackBrowserViewModel.swift in Sources */,
				AA000005 /* TrackTableView.swift in Sources */,
				AA000020 /* TrackEditorPanel.swift in Sources */,
				AA000021 /* ArtworkEditorView.swift in Sources */,
				AA000022 /* BatchEditorView.swift in Sources */,
				AA000023 /* DiffPreviewView.swift in Sources */,
				AA000024 /* OperationLogView.swift in Sources */,
				AA000025 /* EnrichmentSearchView.swift in Sources */,
				AA000030 /* NormalizationView.swift in Sources */,
				AA000031 /* DuplicatesView.swift in Sources */,
			);
			runOnlyForDeploymentPostprocessing = 0;
		};
/* End PBXSourcesBuildPhase section */

/* Begin XCBuildConfiguration section */
		XC000003 /* Debug */ = {
			isa = XCBuildConfiguration;
			buildSettings = {
				ALWAYS_SEARCH_USER_PATHS = NO;
				ASSETCATALOG_COMPILER_GENERATE_SWIFT_ASSET_SYMBOL_EXTENSIONS = YES;
				CLANG_ANALYZER_NONNULL = YES;
				CLANG_ANALYZER_NUMBER_OBJECT_CONVERSION = YES_AGGRESSIVE;
				CLANG_CXX_LANGUAGE_STANDARD = "gnu++20";
				CLANG_ENABLE_MODULES = YES;
				CLANG_ENABLE_OBJC_ARC = YES;
				CLANG_ENABLE_OBJC_WEAK = YES;
				CLANG_WARN_BLOCK_CAPTURE_AUTORELEASING = YES;
				CLANG_WARN_BOOL_CONVERSION = YES;
				CLANG_WARN_COMMA = YES;
				CLANG_WARN_CONSTANT_CONVERSION = YES;
				CLANG_WARN_DEPRECATED_OBJC_IMPLEMENTATIONS = YES;
				CLANG_WARN_DIRECT_OBJC_ISA_USAGE = YES_ERROR;
				CLANG_WARN_DOCUMENTATION_COMMENTS = YES;
				CLANG_WARN_EMPTY_BODY = YES;
				CLANG_WARN_ENUM_CONVERSION = YES;
				CLANG_WARN_INFINITE_RECURSION = YES;
				CLANG_WARN_INT_CONVERSION = YES;
				CLANG_WARN_NON_LITERAL_NULL_CONVERSION = YES;
				CLANG_WARN_OBJC_IMPLICIT_RETAIN_SELF = YES;
				CLANG_WARN_OBJC_LITERAL_CONVERSION = YES;
				CLANG_WARN_OBJC_ROOT_CLASS = YES_ERROR;
				CLANG_WARN_QUOTED_INCLUDE_IN_FRAMEWORK_HEADER = YES;
				CLANG_WARN_RANGE_LOOP_ANALYSIS = YES;
				CLANG_WARN_STRICT_PROTOTYPES = YES;
				CLANG_WARN_SUSPICIOUS_MOVE = YES;
				CLANG_WARN_UNGUARDED_AVAILABILITY = YES_AGGRESSIVE;
				CLANG_WARN_UNREACHABLE_CODE = YES;
				CLANG_WARN__DUPLICATE_METHOD_MATCH = YES;
				COPY_PHASE_STRIP = NO;
				DEBUG_INFORMATION_FORMAT = dwarf;
				ENABLE_STRICT_OBJC_MSGSEND = YES;
				ENABLE_TESTABILITY = YES;
				ENABLE_USER_SCRIPT_SANDBOXING = YES;
				GCC_C_LANGUAGE_STANDARD = gnu17;
				GCC_DYNAMIC_NO_PIC = NO;
				GCC_NO_COMMON_BLOCKS = YES;
				GCC_OPTIMIZATION_LEVEL = 0;
				GCC_PREPROCESSOR_DEFINITIONS = (
					"DEBUG=1",
					"$(inherited)",
				);
				GCC_WARN_64_TO_32_BIT_CONVERSION = YES;
				GCC_WARN_ABOUT_RETURN_TYPE = YES_ERROR;
				GCC_WARN_UNDECLARED_SELECTOR = YES;
				GCC_WARN_UNINITIALIZED_AUTOS = YES_AGGRESSIVE;
				GCC_WARN_UNUSED_FUNCTION = YES;
				GCC_WARN_UNUSED_VARIABLE = YES;
				LOCALIZATION_PREFERS_STRING_CATALOGS = YES;
				MACOSX_DEPLOYMENT_TARGET = 14.0;
				MTL_ENABLE_DEBUG_INFO = INCLUDE_SOURCE;
				MTL_FAST_MATH = YES;
				ONLY_ACTIVE_ARCH = YES;
				SWIFT_ACTIVE_COMPILATION_CONDITIONS = "DEBUG $(inherited)";
				SWIFT_OPTIMIZATION_LEVEL = "-Onone";
			};
			name = Debug;
		};
		XC000004 /* Release */ = {
			isa = XCBuildConfiguration;
			buildSettings = {
				ALWAYS_SEARCH_USER_PATHS = NO;
				ASSETCATALOG_COMPILER_GENERATE_SWIFT_ASSET_SYMBOL_EXTENSIONS = YES;
				CLANG_ANALYZER_NONNULL = YES;
				CLANG_CXX_LANGUAGE_STANDARD = "gnu++20";
				CLANG_ENABLE_MODULES = YES;
				CLANG_ENABLE_OBJC_ARC = YES;
				CLANG_ENABLE_OBJC_WEAK = YES;
				CLANG_WARN_BLOCK_CAPTURE_AUTORELEASING = YES;
				CLANG_WARN_BOOL_CONVERSION = YES;
				CLANG_WARN_COMMA = YES;
				CLANG_WARN_CONSTANT_CONVERSION = YES;
				CLANG_WARN_DEPRECATED_OBJC_IMPLEMENTATIONS = YES;
				CLANG_WARN_DIRECT_OBJC_ISA_USAGE = YES_ERROR;
				CLANG_WARN_DOCUMENTATION_COMMENTS = YES;
				CLANG_WARN_EMPTY_BODY = YES;
				CLANG_WARN_ENUM_CONVERSION = YES;
				CLANG_WARN_INFINITE_RECURSION = YES;
				CLANG_WARN_INT_CONVERSION = YES;
				CLANG_WARN_NON_LITERAL_NULL_CONVERSION = YES;
				CLANG_WARN_OBJC_IMPLICIT_RETAIN_SELF = YES;
				CLANG_WARN_OBJC_LITERAL_CONVERSION = YES;
				CLANG_WARN_OBJC_ROOT_CLASS = YES_ERROR;
				CLANG_WARN_QUOTED_INCLUDE_IN_FRAMEWORK_HEADER = YES;
				CLANG_WARN_RANGE_LOOP_ANALYSIS = YES;
				CLANG_WARN_STRICT_PROTOTYPES = YES;
				CLANG_WARN_SUSPICIOUS_MOVE = YES;
				CLANG_WARN_UNGUARDED_AVAILABILITY = YES_AGGRESSIVE;
				CLANG_WARN_UNREACHABLE_CODE = YES;
				CLANG_WARN__DUPLICATE_METHOD_MATCH = YES;
				COPY_PHASE_STRIP = NO;
				DEBUG_INFORMATION_FORMAT = "dwarf-with-dsym";
				ENABLE_NS_ASSERTIONS = NO;
				ENABLE_STRICT_OBJC_MSGSEND = YES;
				ENABLE_USER_SCRIPT_SANDBOXING = YES;
				GCC_C_LANGUAGE_STANDARD = gnu17;
				GCC_NO_COMMON_BLOCKS = YES;
				GCC_WARN_64_TO_32_BIT_CONVERSION = YES;
				GCC_WARN_ABOUT_RETURN_TYPE = YES_ERROR;
				GCC_WARN_UNDECLARED_SELECTOR = YES;
				GCC_WARN_UNINITIALIZED_AUTOS = YES_AGGRESSIVE;
				GCC_WARN_UNUSED_FUNCTION = YES;
				GCC_WARN_UNUSED_VARIABLE = YES;
				LOCALIZATION_PREFERS_STRING_CATALOGS = YES;
				MACOSX_DEPLOYMENT_TARGET = 14.0;
				MTL_FAST_MATH = YES;
				SWIFT_COMPILATION_MODE = wholemodule;
				SWIFT_OPTIMIZATION_LEVEL = "-O";
			};
			name = Release;
		};
		XC000005 /* Debug Target */ = {
			isa = XCBuildConfiguration;
			buildSettings = {
				ASSETCATALOG_COMPILER_APPICON_NAME = AppIcon;
				ASSETCATALOG_COMPILER_GLOBAL_ACCENT_COLOR_NAME = AccentColor;
				CODE_SIGN_ENTITLEMENTS = MusiFixApp/MusiFixApp/MusiFixApp.entitlements;
				CODE_SIGN_STYLE = Automatic;
				COMBINE_HIDPI_IMAGES = YES;
				CURRENT_PROJECT_VERSION = 1;
				DEVELOPMENT_ASSET_PATHS = "";
				ENABLE_PREVIEWS = YES;
				GENERATE_INFOPLIST_FILE = NO;
				INFOPLIST_FILE = MusiFixApp/MusiFixApp/Info.plist;
				LD_RUNPATH_SEARCH_PATHS = (
					"$(inherited)",
					"@executable_path/../Frameworks",
				);
				MACOSX_DEPLOYMENT_TARGET = 14.0;
				MARKETING_VERSION = 0.1.0;
				PRODUCT_BUNDLE_IDENTIFIER = "it.musifixapp.MusiFixApp";
				PRODUCT_NAME = "$(TARGET_NAME)";
				SWIFT_EMIT_LOC_STRINGS = YES;
				SWIFT_VERSION = 6.0;
				CODE_SIGN_IDENTITY = "-";
			};
			name = Debug;
		};
		XC000006 /* Release Target */ = {
			isa = XCBuildConfiguration;
			buildSettings = {
				ASSETCATALOG_COMPILER_APPICON_NAME = AppIcon;
				ASSETCATALOG_COMPILER_GLOBAL_ACCENT_COLOR_NAME = AccentColor;
				CODE_SIGN_ENTITLEMENTS = MusiFixApp/MusiFixApp/MusiFixApp.entitlements;
				CODE_SIGN_STYLE = Automatic;
				COMBINE_HIDPI_IMAGES = YES;
				CURRENT_PROJECT_VERSION = 1;
				DEVELOPMENT_ASSET_PATHS = "";
				ENABLE_PREVIEWS = YES;
				GENERATE_INFOPLIST_FILE = NO;
				INFOPLIST_FILE = MusiFixApp/MusiFixApp/Info.plist;
				LD_RUNPATH_SEARCH_PATHS = (
					"$(inherited)",
					"@executable_path/../Frameworks",
				);
				MACOSX_DEPLOYMENT_TARGET = 14.0;
				MARKETING_VERSION = 0.1.0;
				PRODUCT_BUNDLE_IDENTIFIER = "it.musifixapp.MusiFixApp";
				PRODUCT_NAME = "$(TARGET_NAME)";
				SWIFT_EMIT_LOC_STRINGS = YES;
				SWIFT_VERSION = 6.0;
				CODE_SIGN_IDENTITY = "-";
			};
			name = Release;
		};
/* End XCBuildConfiguration section */

/* Begin XCConfigurationList section */
		XC000001 /* Build configuration list for PBXProject "MusiFixApp" */ = {
			isa = XCConfigurationList;
			buildConfigurations = (
				XC000003 /* Debug */,
				XC000004 /* Release */,
			);
			defaultConfigurationIsVisible = 0;
			defaultConfigurationName = Release;
		};
		XC000002 /* Build configuration list for PBXNativeTarget "MusiFixApp" */ = {
			isa = XCConfigurationList;
			buildConfigurations = (
				XC000005 /* Debug Target */,
				XC000006 /* Release Target */,
			);
			defaultConfigurationIsVisible = 0;
			defaultConfigurationName = Release;
		};
/* End XCConfigurationList section */

/* Begin XCLocalSwiftPackageReference section */
		PKG000001 /* MusiFixCore local package */ = {
			isa = XCLocalSwiftPackageReference;
			relativePath = Packages/MusiFixCore;
		};
/* End XCLocalSwiftPackageReference section */

/* Begin XCSwiftPackageProductDependency section */
		PP000001 /* MusiFixCore */ = {
			isa = XCSwiftPackageProductDependency;
			package = PKG000001 /* MusiFixCore local package */;
			productName = MusiFixCore;
		};
		PP000002 /* Persistence */ = {
			isa = XCSwiftPackageProductDependency;
			package = PKG000001 /* MusiFixCore local package */;
			productName = Persistence;
		};
/* End XCSwiftPackageProductDependency section */

	};
	rootObject = PR000001 /* Project object */;
}
